// !$*UTF8*$!
{
	archiveVersion = 1;
	classes = {
	};
	objectVersion = 50;
	objects = {

/* Begin PBXBuildFile section */
		CCD4CA0420F2E59800789736 /* AppDelegate.swift in Sources */ = {isa = PBXBuildFile; fileRef = CCD4CA0320F2E59800789736 /* AppDelegate.swift */; };
		CCD4CA0620F2E59800789736 /* ViewController.swift in Sources */ = {isa = PBXBuildFile; fileRef = CCD4CA0520F2E59800789736 /* ViewController.swift */; };
		CCD4CA0920F2E59800789736 /* Main.storyboard in Resources */ = {isa = PBXBuildFile; fileRef = CCD4CA0720F2E59800789736 /* Main.storyboard */; };
		CCD4CA0B20F2E59900789736 /* Assets.xcassets in Resources */ = {isa = PBXBuildFile; fileRef = CCD4CA0A20F2E59900789736 /* Assets.xcassets */; };
		CCD4CA0E20F2E59900789736 /* LaunchScreen.storyboard in Resources */ = {isa = PBXBuildFile; fileRef = CCD4CA0C20F2E59900789736 /* LaunchScreen.storyboard */; };
		E15D389500456D0A3C43B904 /* Pods_HotelBot.framework in Frameworks */ = {isa = PBXBuildFile; fileRef = 82A77472D777D23B9CA5FC09 /* Pods_HotelBot.framework */; };
/* End PBXBuildFile section */

/* Begin PBXFileReference section */
		19B1485534007EAB5740FFA6 /* Pods-HotelBot.release.xcconfig */ = {isa = PBXFileReference; includeInIndex = 1; lastKnownFileType = text.xcconfig; name = "Pods-HotelBot.release.xcconfig"; path = "Pods/Target Support Files/Pods-HotelBot/Pods-HotelBot.release.xcconfig"; sourceTree = "<group>"; };
		3231136DA82BEE9825ED1AE3 /* Pods-HotelBot.debug.xcconfig */ = {isa = PBXFileReference; includeInIndex = 1; lastKnownFileType = text.xcconfig; name = "Pods-HotelBot.debug.xcconfig"; path = "Pods/Target Support Files/Pods-HotelBot/Pods-HotelBot.debug.xcconfig"; sourceTree = "<group>"; };
		82A77472D777D23B9CA5FC09 /* Pods_HotelBot.framework */ = {isa = PBXFileReference; explicitFileType = wrapper.framework; includeInIndex = 0; path = Pods_HotelBot.framework; sourceTree = BUILT_PRODUCTS_DIR; };
		CCD4CA0020F2E59800789736 /* HotelBot.app */ = {isa = PBXFileReference; explicitFileType = wrapper.application; includeInIndex = 0; path = HotelBot.app; sourceTree = BUILT_PRODUCTS_DIR; };
		CCD4CA0320F2E59800789736 /* AppDelegate.swift */ = {isa = PBXFileReference; lastKnownFileType = sourcecode.swift; path = AppDelegate.swift; sourceTree = "<group>"; };
		CCD4CA0520F2E59800789736 /* ViewController.swift */ = {isa = PBXFileReference; lastKnownFileType = sourcecode.swift; path = ViewController.swift; sourceTree = "<group>"; };
		CCD4CA0820F2E59800789736 /* Base */ = {isa = PBXFileReference; lastKnownFileType = file.storyboard; name = Base; path = Base.lproj/Main.storyboard; sourceTree = "<group>"; };
		CCD4CA0A20F2E59900789736 /* Assets.xcassets */ = {isa = PBXFileReference; lastKnownFileType = folder.assetcatalog; path = Assets.xcassets; sourceTree = "<group>"; };
		CCD4CA0D20F2E59900789736 /* Base */ = {isa = PBXFileReference; lastKnownFileType = file.storyboard; name = Base; path = Base.lproj/LaunchScreen.storyboard; sourceTree = "<group>"; };
		CCD4CA0F20F2E59900789736 /* Info.plist */ = {isa = PBXFileReference; lastKnownFileType = text.plist.xml; path = Info.plist; sourceTree = "<group>"; };
/* End PBXFileReference section */

/* Begin PBXFrameworksBuildPhase section */
		CCD4C9FD20F2E59800789736 /* Frameworks */ = {
			isa = PBXFrameworksBuildPhase;
			buildActionMask = 2147483647;
			files = (
				E15D389500456D0A3C43B904 /* Pods_HotelBot.framework in Frameworks */,
			);
			runOnlyForDeploymentPostprocessing = 0;
		};
/* End PBXFrameworksBuildPhase section */

/* Begin PBXGroup section */
		9475A0B287359AE13E94D66A /* Pods */ = {
			isa = PBXGroup;
			children = (
				3231136DA82BEE9825ED1AE3 /* Pods-HotelBot.debug.xcconfig */,
				19B1485534007EAB5740FFA6 /* Pods-HotelBot.release.xcconfig */,
			);
			name = Pods;
			sourceTree = "<group>";
		};
		CCD4C9F720F2E59800789736 = {
			isa = PBXGroup;
			children = (
				CCD4CA0220F2E59800789736 /* HotelBot */,
				CCD4CA0120F2E59800789736 /* Products */,
				9475A0B287359AE13E94D66A /* Pods */,
				FC68D2E5EAC26C04C232E47E /* Frameworks */,
			);
			sourceTree = "<group>";
		};
		CCD4CA0120F2E59800789736 /* Products */ = {
			isa = PBXGroup;
			children = (
				CCD4CA0020F2E59800789736 /* HotelBot.app */,
			);
			name = Products;
			sourceTree = "<group>";
		};
		CCD4CA0220F2E59800789736 /* HotelBot */ = {
			isa = PBXGroup;
			children = (
				CCD4CA0320F2E59800789736 /* AppDelegate.swift */,
				CCD4CA0520F2E59800789736 /* ViewController.swift */,
				CCD4CA0720F2E59800789736 /* Main.storyboard */,
				CCD4CA0A20F2E59900789736 /* Assets.xcassets */,
				CCD4CA0C20F2E59900789736 /* LaunchScreen.storyboard */,
				CCD4CA0F20F2E59900789736 /* Info.plist */,
			);
			path = HotelBot;
			sourceTree = "<group>";
		};
		FC68D2E5EAC26C04C232E47E /* Frameworks */ = {
			isa = PBXGroup;
			children = (
				82A77472D777D23B9CA5FC09 /* Pods_HotelBot.framework */,
			);
			name = Frameworks;
			sourceTree = "<group>";
		};
/* End PBXGroup section */

/* Begin PBXNativeTarget section */
		CCD4C9FF20F2E59800789736 /* HotelBot */ = {
			isa = PBXNativeTarget;
			buildConfigurationList = CCD4CA1220F2E59900789736 /* Build configuration list for PBXNativeTarget "HotelBot" */;
			buildPhases = (
				3CAFED1AB105FF82C76587D8 /* [CP] Check Pods Manifest.lock */,
				CCD4C9FC20F2E59800789736 /* Sources */,
				CCD4C9FD20F2E59800789736 /* Frameworks */,
				CCD4C9FE20F2E59800789736 /* Resources */,
				C0D6A69F1C6AF5C7A669E3B2 /* [CP] Embed Pods Frameworks */,
			);
			buildRules = (
			);
			dependencies = (
			);
			name = HotelBot;
			productName = HotelBot;
			productReference = CCD4CA0020F2E59800789736 /* HotelBot.app */;
			productType = "com.apple.product-type.application";
		};
/* End PBXNativeTarget section */

/* Begin PBXProject section */
		CCD4C9F820F2E59800789736 /* Project object */ = {
			isa = PBXProject;
			attributes = {
				LastSwiftUpdateCheck = 0940;
				LastUpgradeCheck = 0940;
				ORGANIZATIONNAME = "Aayush Kala";
				TargetAttributes = {
					CCD4C9FF20F2E59800789736 = {
						CreatedOnToolsVersion = 9.4.1;
					};
				};
			};
			buildConfigurationList = CCD4C9FB20F2E59800789736 /* Build configuration list for PBXProject "HotelBot" */;
			compatibilityVersion = "Xcode 9.3";
			developmentRegion = en;
			hasScannedForEncodings = 0;
			knownRegions = (
				en,
				Base,
			);
			mainGroup = CCD4C9F720F2E59800789736;
			productRefGroup = CCD4CA0120F2E59800789736 /* Products */;
			projectDirPath = "";
			projectRoot = "";
			targets = (
				CCD4C9FF20F2E59800789736 /* HotelBot */,
			);
		};
/* End PBXProject section */

/* Begin PBXResourcesBuildPhase section */
		CCD4C9FE20F2E59800789736 /* Resources */ = {
			isa = PBXResourcesBuildPhase;
			buildActionMask = 2147483647;
			files = (
				CCD4CA0E20F2E59900789736 /* LaunchScreen.storyboard in Resources */,
				CCD4CA0B20F2E59900789736 /* Assets.xcassets in Resources */,
				CCD4CA0920F2E59800789736 /* Main.storyboard in Resources */,
			);
			runOnlyForDeploymentPostprocessing = 0;
		};
/* End PBXResourcesBuildPhase section */

/* Begin PBXShellScriptBuildPhase section */
		3CAFED1AB105FF82C76587D8 /* [CP] Check Pods Manifest.lock */ = {
			isa = PBXShellScriptBuildPhase;
			buildActionMask = 2147483647;
			files = (
			);
			inputPaths = (
				"${PODS_PODFILE_DIR_PATH}/Podfile.lock",
				"${PODS_ROOT}/Manifest.lock",
			);
			name = "[CP] Check Pods Manifest.lock";
			outputPaths = (
				"$(DERIVED_FILE_DIR)/Pods-HotelBot-checkManifestLockResult.txt",
			);
			runOnlyForDeploymentPostprocessing = 0;
			shellPath = /bin/sh;
			shellScript = "diff \"${PODS_PODFILE_DIR_PATH}/Podfile.lock\" \"${PODS_ROOT}/Manifest.lock\" > /dev/null\nif [ $? != 0 ] ; then\n    # print error to STDERR\n    echo \"error: The sandbox is not in sync with the Podfile.lock. Run 'pod install' or update your CocoaPods installation.\" >&2\n    exit 1\nfi\n# This output is used by Xcode 'outputs' to avoid re-running this script phase.\necho \"SUCCESS\" > \"${SCRIPT_OUTPUT_FILE_0}\"\n";
			showEnvVarsInLog = 0;
		};
		C0D6A69F1C6AF5C7A669E3B2 /* [CP] Embed Pods Frameworks */ = {
			isa = PBXShellScriptBuildPhase;
			buildActionMask = 2147483647;
			files = (
			);
			inputPaths = (
				"${SRCROOT}/Pods/Target Support Files/Pods-HotelBot/Pods-HotelBot-frameworks.sh",
				"${BUILT_PRODUCTS_DIR}/ApiAI/ApiAI.framework",
			);
			name = "[CP] Embed Pods Frameworks";
			outputPaths = (
				"${TARGET_BUILD_DIR}/${FRAMEWORKS_FOLDER_PATH}/ApiAI.framework",
			);
			runOnlyForDeploymentPostprocessing = 0;
			shellPath = /bin/sh;
			shellScript = "\"${SRCROOT}/Pods/Target Support Files/Pods-HotelBot/Pods-HotelBot-frameworks.sh\"\n";
			showEnvVarsInLog = 0;
		};
/* End PBXShellScriptBuildPhase section */

/* Begin PBXSourcesBuildPhase section */
		CCD4C9FC20F2E59800789736 /* Sources */ = {
			isa = PBXSourcesBuildPhase;
			buildActionMask = 2147483647;
			files = (
				CCD4CA0620F2E59800789736 /* ViewController.swift in Sources */,
				CCD4CA0420F2E59800789736 /* AppDelegate.swift in Sources */,
			);
			runOnlyForDeploymentPostprocessing = 0;
		};
/* End PBXSourcesBuildPhase section */

/* Begin PBXVariantGroup section */
		CCD4CA0720F2E59800789736 /* Main.storyboard */ = {
			isa = PBXVariantGroup;
			children = (
				CCD4CA0820F2E59800789736 /* Base */,
			);
			name = Main.storyboard;
			sourceTree = "<group>";
		};
		CCD4CA0C20F2E59900789736 /* LaunchScreen.storyboard */ = {
			isa = PBXVariantGroup;
			children = (
				CCD4CA0D20F2E59900789736 /* Base */,
			);
			name = LaunchScreen.storyboard;
			sourceTree = "<group>";
		};
/* End PBXVariantGroup section */

/* Begin XCBuildConfiguration section */
		CCD4CA1020F2E59900789736 /* Debug */ = {
			isa = XCBuildConfiguration;
			buildSettings = {
				ALWAYS_SEARCH_USER_PATHS = NO;
				CLANG_ANALYZER_NONNULL = YES;
				CLANG_ANALYZER_NUMBER_OBJECT_CONVERSION = YES_AGGRESSIVE;
				CLANG_CXX_LANGUAGE_STANDARD = "gnu++14";
				CLANG_CXX_LIBRARY = "libc++";
				CLANG_ENABLE_MODULES = YES;
				CLANG_ENABLE_OBJC_ARC = YES;
				CLANG_ENABLE_OBJC_WEAK = YES;
				CLANG_WARN_BLOCK_CAPTURE_AUTORELEASING = YES;
				CLANG_WARN_BOOL_CONVERSION = YES;
				CLANG_WARN_COMMA = YES;
				CLANG_WARN_CONSTANT_CONVERSION = YES;
				CLANG_WARN_DEPRECATED_OBJC_IMPLEMENTATIONS = YES;
				CLANG_WARN_DIRECT_OBJC_ISA_USAGE = YES_ERROR;
				CLANG_WARN_DOCUMENTATION_COMMENTS = YES;
				CLANG_WARN_EMPTY_BODY = YES;
				CLANG_WARN_ENUM_CONVERSION = YES;
				CLANG_WARN_INFINITE_RECURSION = YES;
				CLANG_WARN_INT_CONVERSION = YES;
				CLANG_WARN_NON_LITERAL_NULL_CONVERSION = YES;
				CLANG_WARN_OBJC_IMPLICIT_RETAIN_SELF = YES;
				CLANG_WARN_OBJC_LITERAL_CONVERSION = YES;
				CLANG_WARN_OBJC_ROOT_CLASS = YES_ERROR;
				CLANG_WARN_RANGE_LOOP_ANALYSIS = YES;
				CLANG_WARN_STRICT_PROTOTYPES = YES;
				CLANG_WARN_SUSPICIOUS_MOVE = YES;
				CLANG_WARN_UNGUARDED_AVAILABILITY = YES_AGGRESSIVE;
				CLANG_WARN_UNREACHABLE_CODE = YES;
				CLANG_WARN__DUPLICATE_METHOD_MATCH = YES;
				CODE_SIGN_IDENTITY = "iPhone Developer";
				COPY_PHASE_STRIP = NO;
				DEBUG_INFORMATION_FORMAT = dwarf;
				ENABLE_STRICT_OBJC_MSGSEND = YES;
				ENABLE_TESTABILITY = YES;
				GCC_C_LANGUAGE_STANDARD = gnu11;
				GCC_DYNAMIC_NO_PIC = NO;
				GCC_NO_COMMON_BLOCKS = YES;
				GCC_OPTIMIZATION_LEVEL = 0;
				GCC_PREPROCESSOR_DEFINITIONS = (
					"DEBUG=1",
					"$(inherited)",
				);
				GCC_WARN_64_TO_32_BIT_CONVERSION = YES;
				GCC_WARN_ABOUT_RETURN_TYPE = YES_ERROR;
				GCC_WARN_UNDECLARED_SELECTOR = YES;
				GCC_WARN_UNINITIALIZED_AUTOS = YES_AGGRESSIVE;
				GCC_WARN_UNUSED_FUNCTION = YES;
				GCC_WARN_UNUSED_VARIABLE = YES;
				IPHONEOS_DEPLOYMENT_TARGET = 11.4;
				MTL_ENABLE_DEBUG_INFO = YES;
				ONLY_ACTIVE_ARCH = YES;
				SDKROOT = iphoneos;
				SWIFT_ACTIVE_COMPILATION_CONDITIONS = DEBUG;
				SWIFT_OPTIMIZATION_LEVEL = "-Onone";
			};
			name = Debug;
		};
		CCD4CA1120F2E59900789736 /* Release */ = {
			isa = XCBuildConfiguration;
			buildSettings = {
				ALWAYS_SEARCH_USER_PATHS = NO;
				CLANG_ANALYZER_NONNULL = YES;
				CLANG_ANALYZER_NUMBER_OBJECT_CONVERSION = YES_AGGRESSIVE;
				CLANG_CXX_LANGUAGE_STANDARD = "gnu++14";
				CLANG_CXX_LIBRARY = "libc++";
				CLANG_ENABLE_MODULES = YES;
				CLANG_ENABLE_OBJC_ARC = YES;
				CLANG_ENABLE_OBJC_WEAK = YES;
				CLANG_WARN_BLOCK_CAPTURE_AUTORELEASING = YES;
				CLANG_WARN_BOOL_CONVERSION = YES;
				CLANG_WARN_COMMA = YES;
				CLANG_WARN_CONSTANT_CONVERSION = YES;
				CLANG_WARN_DEPRECATED_OBJC_IMPLEMENTATIONS = YES;
				CLANG_WARN_DIRECT_OBJC_ISA_USAGE = YES_ERROR;
				CLANG_WARN_DOCUMENTATION_COMMENTS = YES;
				CLANG_WARN_EMPTY_BODY = YES;
				CLANG_WARN_ENUM_CONVERSION = YES;
				CLANG_WARN_INFINITE_RECURSION = YES;
				CLANG_WARN_INT_CONVERSION = YES;
				CLANG_WARN_NON_LITERAL_NULL_CONVERSION = YES;
				CLANG_WARN_OBJC_IMPLICIT_RETAIN_SELF = YES;
				CLANG_WARN_OBJC_LITERAL_CONVERSION = YES;
				CLANG_WARN_OBJC_ROOT_CLASS = YES_ERROR;
				CLANG_WARN_RANGE_LOOP_ANALYSIS = YES;
				CLANG_WARN_STRICT_PROTOTYPES = YES;
				CLANG_WARN_SUSPICIOUS_MOVE = YES;
				CLANG_WARN_UNGUARDED_AVAILABILITY = YES_AGGRESSIVE;
				CLANG_WARN_UNREACHABLE_CODE = YES;
				CLANG_WARN__DUPLICATE_METHOD_MATCH = YES;
				CODE_SIGN_IDENTITY = "iPhone Developer";
				COPY_PHASE_STRIP = NO;
				DEBUG_INFORMATION_FORMAT = "dwarf-with-dsym";
				ENABLE_NS_ASSERTIONS = NO;
				ENABLE_STRICT_OBJC_MSGSEND = YES;
				GCC_C_LANGUAGE_STANDARD = gnu11;
				GCC_NO_COMMON_BLOCKS = YES;
				GCC_WARN_64_TO_32_BIT_CONVERSION = YES;
				GCC_WARN_ABOUT_RETURN_TYPE = YES_ERROR;
				GCC_WARN_UNDECLARED_SELECTOR = YES;
				GCC_WARN_UNINITIALIZED_AUTOS = YES_AGGRESSIVE;
				GCC_WARN_UNUSED_FUNCTION = YES;
				GCC_WARN_UNUSED_VARIABLE = YES;
				IPHONEOS_DEPLOYMENT_TARGET = 11.4;
				MTL_ENABLE_DEBUG_INFO = NO;
				SDKROOT = iphoneos;
				SWIFT_COMPILATION_MODE = wholemodule;
				SWIFT_OPTIMIZATION_LEVEL = "-O";
				VALIDATE_PRODUCT = YES;
			};
			name = Release;
		};
		CCD4CA1320F2E59900789736 /* Debug */ = {
			isa = XCBuildConfiguration;
			baseConfigurationReference = 3231136DA82BEE9825ED1AE3 /* Pods-HotelBot.debug.xcconfig */;
			buildSettings = {
				ASSETCATALOG_COMPILER_APPICON_NAME = AppIcon;
				CODE_SIGN_STYLE = Automatic;
				DEVELOPMENT_TEAM = A7SYE69VH6;
				INFOPLIST_FILE = HotelBot/Info.plist;
				LD_RUNPATH_SEARCH_PATHS = (
					"$(inherited)",
					"@executable_path/Frameworks",
				);
				PRODUCT_BUNDLE_IDENTIFIER = Personal.HotelBot;
				PRODUCT_NAME = "$(TARGET_NAME)";
				SWIFT_VERSION = 4.0;
				TARGETED_DEVICE_FAMILY = "1,2";
			};
			name = Debug;
		};
		CCD4CA1420F2E59900789736 /* Release */ = {
			isa = XCBuildConfiguration;
			baseConfigurationReference = 19B1485534007EAB5740FFA6 /* Pods-HotelBot.release.xcconfig */;
			buildSettings = {
				ASSETCATALOG_COMPILER_APPICON_NAME = AppIcon;
				CODE_SIGN_STYLE = Automatic;
				DEVELOPMENT_TEAM = A7SYE69VH6;
				INFOPLIST_FILE = HotelBot/Info.plist;
				LD_RUNPATH_SEARCH_PATHS = (
					"$(inherited)",
					"@executable_path/Frameworks",
				);
				PRODUCT_BUNDLE_IDENTIFIER = Personal.HotelBot;
				PRODUCT_NAME = "$(TARGET_NAME)";
				SWIFT_VERSION = 4.0;
				TARGETED_DEVICE_FAMILY = "1,2";
			};
			name = Release;
		};
/* End XCBuildConfiguration section */

/* Begin XCConfigurationList section */
		CCD4C9FB20F2E59800789736 /* Build configuration list for PBXProject "HotelBot" */ = {
			isa = XCConfigurationList;
			buildConfigurations = (
				CCD4CA1020F2E59900789736 /* Debug */,
				CCD4CA1120F2E59900789736 /* Release */,
			);
			defaultConfigurationIsVisible = 0;
			defaultConfigurationName = Release;
		};
		CCD4CA1220F2E59900789736 /* Build configuration list for PBXNativeTarget "HotelBot" */ = {
			isa = XCConfigurationList;
			buildConfigurations = (
				CCD4CA1320F2E59900789736 /* Debug */,
				CCD4CA1420F2E59900789736 /* Release */,
			);
			defaultConfigurationIsVisible = 0;
			defaultConfigurationName = Release;
		};
/* End XCConfigurationList section */
	};
	rootObject = CCD4C9F820F2E59800789736 /* Project object */;
}
